{
  "requires": true,
  "lockfileVersion": 1,
  "dependencies": {
    "hotkeys-js": {
      "version": "3.8.7",
      "resolved": "https://registry.npmjs.org/hotkeys-js/-/hotkeys-js-3.8.7.tgz",
      "integrity": "sha512-ckAx3EkUr5XjDwjEHDorHxRO2Kb7z6Z2Sxul4MbBkN8Nho7XDslQsgMJT+CiJ5Z4TgRxxvKHEpuLE3imzqy4Lg=="
    },
    "react-hotkeys-hook": {
      "version": "3.3.2",
      "resolved": "https://registry.npmjs.org/react-hotkeys-hook/-/react-hotkeys-hook-3.3.2.tgz",
      "integrity": "sha512-sR98wtrz3qyVZ5G3I5TTRy7Odm1I9poGt1VwT4RN1ztnobRV/pNGja+6B+LONv+IBIyHLvidzW8IZRB7AuAUkw==",
      "requires": {
        "hotkeys-js": "3.8.7"
      }
    }
  }
}
